
Microsoft Visual Studio Solution File, Format Version 12.00
# Visual Studio Version 16
VisualStudioVersion = 16.0.29728.190
MinimumVisualStudioVersion = 10.0.40219.1
Project("{9A19103F-16F7-4668-BE54-9A1E7A4F7556}") = "Buddy", "Buddy\Buddy.csproj", "{42881B5F-90AA-4623-BFC1-E036420330D9}"
EndProject
Project("{9A19103F-16F7-4668-BE54-9A1E7A4F7556}") = "TS.Common", "TS.Common\TS.Common.csproj", "{01271E0A-01C5-4EA4-ABA3-97C6D5DFAA4B}"
EndProject
Project("{9A19103F-16F7-4668-BE54-9A1E7A4F7556}") = "DataLayer", "DataLayer\DataLayer.csproj", "{FD8B88CC-32BE-4C66-8734-037B1874D24A}"
EndProject
Project("{9A19103F-16F7-4668-BE54-9A1E7A4F7556}") = "BusinessLogic", "BusinessLogic\BusinessLogic.csproj", "{8E716188-5DAF-459B-936F-3B9E1F12385B}"
EndProject
Project("{FAE04EC0-301F-11D3-BF4B-00C04F79EFBC}") = "TS.Common.Datalayer", "TS.Common.Datalayer\TS.Common.Datalayer.csproj", "{181C6CBC-8803-490A-8373-BB7E53B0586A}"
EndProject
Project("{FAE04EC0-301F-11D3-BF4B-00C04F79EFBC}") = "DataLayer.Events", "DataLayer.Events\DataLayer.Events.csproj", "{6F2F8D75-3B5B-4701-9EC5-58139A5A4683}"
EndProject
Global
	GlobalSection(SolutionConfigurationPlatforms) = preSolution
		Debug|Any CPU = Debug|Any CPU
		Release|Any CPU = Release|Any CPU
	EndGlobalSection
	GlobalSection(ProjectConfigurationPlatforms) = postSolution
		{42881B5F-90AA-4623-BFC1-E036420330D9}.Debug|Any CPU.ActiveCfg = Debug|Any CPU
		{42881B5F-90AA-4623-BFC1-E036420330D9}.Debug|Any CPU.Build.0 = Debug|Any CPU
		{42881B5F-90AA-4623-BFC1-E036420330D9}.Release|Any CPU.ActiveCfg = Release|Any CPU
		{42881B5F-90AA-4623-BFC1-E036420330D9}.Release|Any CPU.Build.0 = Release|Any CPU
		{01271E0A-01C5-4EA4-ABA3-97C6D5DFAA4B}.Debug|Any CPU.ActiveCfg = Debug|Any CPU
		{01271E0A-01C5-4EA4-ABA3-97C6D5DFAA4B}.Debug|Any CPU.Build.0 = Debug|Any CPU
		{01271E0A-01C5-4EA4-ABA3-97C6D5DFAA4B}.Release|Any CPU.ActiveCfg = Release|Any CPU
		{01271E0A-01C5-4EA4-ABA3-97C6D5DFAA4B}.Release|Any CPU.Build.0 = Release|Any CPU
		{FD8B88CC-32BE-4C66-8734-037B1874D24A}.Debug|Any CPU.ActiveCfg = Debug|Any CPU
		{FD8B88CC-32BE-4C66-8734-037B1874D24A}.Debug|Any CPU.Build.0 = Debug|Any CPU
		{FD8B88CC-32BE-4C66-8734-037B1874D24A}.Release|Any CPU.ActiveCfg = Release|Any CPU
		{FD8B88CC-32BE-4C66-8734-037B1874D24A}.Release|Any CPU.Build.0 = Release|Any CPU
		{8E716188-5DAF-459B-936F-3B9E1F12385B}.Debug|Any CPU.ActiveCfg = Debug|Any CPU
		{8E716188-5DAF-459B-936F-3B9E1F12385B}.Debug|Any CPU.Build.0 = Debug|Any CPU
		{8E716188-5DAF-459B-936F-3B9E1F12385B}.Release|Any CPU.ActiveCfg = Release|Any CPU
		{8E716188-5DAF-459B-936F-3B9E1F12385B}.Release|Any CPU.Build.0 = Release|Any CPU
		{181C6CBC-8803-490A-8373-BB7E53B0586A}.Debug|Any CPU.ActiveCfg = Debug|Any CPU
		{181C6CBC-8803-490A-8373-BB7E53B0586A}.Debug|Any CPU.Build.0 = Debug|Any CPU
		{181C6CBC-8803-490A-8373-BB7E53B0586A}.Release|Any CPU.ActiveCfg = Release|Any CPU
		{181C6CBC-8803-490A-8373-BB7E53B0586A}.Release|Any CPU.Build.0 = Release|Any CPU
		{6F2F8D75-3B5B-4701-9EC5-58139A5A4683}.Debug|Any CPU.ActiveCfg = Debug|Any CPU
		{6F2F8D75-3B5B-4701-9EC5-58139A5A4683}.Debug|Any CPU.Build.0 = Debug|Any CPU
		{6F2F8D75-3B5B-4701-9EC5-58139A5A4683}.Release|Any CPU.ActiveCfg = Release|Any CPU
		{6F2F8D75-3B5B-4701-9EC5-58139A5A4683}.Release|Any CPU.Build.0 = Release|Any CPU
	EndGlobalSection
	GlobalSection(SolutionProperties) = preSolution
		HideSolutionNode = FALSE
	EndGlobalSection
	GlobalSection(ExtensibilityGlobals) = postSolution
		SolutionGuid = {96E370AB-7CAE-4269-B58E-91042523C8EC}
	EndGlobalSection
EndGlobal
